
Microsoft Visual Studio Solution File, Format Version 12.00
# Visual Studio Version 17
VisualStudioVersion = 17.6.33815.320
MinimumVisualStudioVersion = 10.0.40219.1
Project("{FAE04EC0-301F-11D3-BF4B-00C04F79EFBC}") = "CalculatorApi", "CalculatorApi\CalculatorApi.csproj", "{60A3A776-B32F-45BE-8D2B-2D7E4469CBD3}"
EndProject
Global
	GlobalSection(SolutionConfigurationPlatforms) = preSolution
		Debug|Any CPU = Debug|Any CPU
		Release|Any CPU = Release|Any CPU
	EndGlobalSection
	GlobalSection(ProjectConfigurationPlatforms) = postSolution
		{60A3A776-B32F-45BE-8D2B-2D7E4469CBD3}.Debug|Any CPU.ActiveCfg = Debug|Any CPU
		{60A3A776-B32F-45BE-8D2B-2D7E4469CBD3}.Debug|Any CPU.Build.0 = Debug|Any CPU
		{60A3A776-B32F-45BE-8D2B-2D7E4469CBD3}.Release|Any CPU.ActiveCfg = Release|Any CPU
		{60A3A776-B32F-45BE-8D2B-2D7E4469CBD3}.Release|Any CPU.Build.0 = Release|Any CPU
	EndGlobalSection
	GlobalSection(SolutionProperties) = preSolution
		HideSolutionNode = FALSE
	EndGlobalSection
	GlobalSection(ExtensibilityGlobals) = postSolution
		SolutionGuid = {7CA35D6C-EB9D-403C-B962-48549EC3D8B4}
	EndGlobalSection
EndGlobal
